
Microsoft Visual Studio Solution File, Format Version 12.00
# Visual Studio Version 16
VisualStudioVersion = 16.0.31515.178
MinimumVisualStudioVersion = 10.0.40219.1
Project("{FAE04EC0-301F-11D3-BF4B-00C04F79EFBC}") = "BMS", "BMS.csproj", "{8C9DC884-8019-4DBC-8560-A0C833970A39}"
EndProject
Project("{FAE04EC0-301F-11D3-BF4B-00C04F79EFBC}") = "BookMyShow.Services", "..\BookMyShow.Services\BookMyShow.Services.csproj", "{A4B2431D-3187-43F7-850B-831AD9ECED4B}"
EndProject
Project("{FAE04EC0-301F-11D3-BF4B-00C04F79EFBC}") = "BookMyShow.Models", "..\BookMyShow.Models\BookMyShow.Models.csproj", "{E2482758-B846-4EBC-9184-E6D980827EDA}"
EndProject
Global
	GlobalSection(SolutionConfigurationPlatforms) = preSolution
		Debug|Any CPU = Debug|Any CPU
		Release|Any CPU = Release|Any CPU
	EndGlobalSection
	GlobalSection(ProjectConfigurationPlatforms) = postSolution
		{8C9DC884-8019-4DBC-8560-A0C833970A39}.Debug|Any CPU.ActiveCfg = Debug|Any CPU
		{8C9DC884-8019-4DBC-8560-A0C833970A39}.Debug|Any CPU.Build.0 = Debug|Any CPU
		{8C9DC884-8019-4DBC-8560-A0C833970A39}.Release|Any CPU.ActiveCfg = Release|Any CPU
		{8C9DC884-8019-4DBC-8560-A0C833970A39}.Release|Any CPU.Build.0 = Release|Any CPU
		{A4B2431D-3187-43F7-850B-831AD9ECED4B}.Debug|Any CPU.ActiveCfg = Debug|Any CPU
		{A4B2431D-3187-43F7-850B-831AD9ECED4B}.Debug|Any CPU.Build.0 = Debug|Any CPU
		{A4B2431D-3187-43F7-850B-831AD9ECED4B}.Release|Any CPU.ActiveCfg = Release|Any CPU
		{A4B2431D-3187-43F7-850B-831AD9ECED4B}.Release|Any CPU.Build.0 = Release|Any CPU
		{E2482758-B846-4EBC-9184-E6D980827EDA}.Debug|Any CPU.ActiveCfg = Debug|Any CPU
		{E2482758-B846-4EBC-9184-E6D980827EDA}.Debug|Any CPU.Build.0 = Debug|Any CPU
		{E2482758-B846-4EBC-9184-E6D980827EDA}.Release|Any CPU.ActiveCfg = Release|Any CPU
		{E2482758-B846-4EBC-9184-E6D980827EDA}.Release|Any CPU.Build.0 = Release|Any CPU
	EndGlobalSection
	GlobalSection(SolutionProperties) = preSolution
		HideSolutionNode = FALSE
	EndGlobalSection
	GlobalSection(ExtensibilityGlobals) = postSolution
		SolutionGuid = {05D70A48-902D-49AA-A239-141DA77F0A98}
	EndGlobalSection
EndGlobal
